
Microsoft Visual Studio Solution File, Format Version 12.00
# Visual Studio 2013
VisualStudioVersion = 12.0.40629.0
MinimumVisualStudioVersion = 10.0.40219.1
Project("{FAE04EC0-301F-11D3-BF4B-00C04F79EFBC}") = "Rozw11_4-11", "Rozw11_4-11\Rozw11_4-11.csproj", "{3EDAA7F0-CA21-4122-9496-8484A3DBE358}"
EndProject
Global
	GlobalSection(SolutionConfigurationPlatforms) = preSolution
		Debug|Any CPU = Debug|Any CPU
		Release|Any CPU = Release|Any CPU
	EndGlobalSection
	GlobalSection(ProjectConfigurationPlatforms) = postSolution
		{3EDAA7F0-CA21-4122-9496-8484A3DBE358}.Debug|Any CPU.ActiveCfg = Debug|Any CPU
		{3EDAA7F0-CA21-4122-9496-8484A3DBE358}.Debug|Any CPU.Build.0 = Debug|Any CPU
		{3EDAA7F0-CA21-4122-9496-8484A3DBE358}.Release|Any CPU.ActiveCfg = Release|Any CPU
		{3EDAA7F0-CA21-4122-9496-8484A3DBE358}.Release|Any CPU.Build.0 = Release|Any CPU
	EndGlobalSection
	GlobalSection(SolutionProperties) = preSolution
		HideSolutionNode = FALSE
	EndGlobalSection
EndGlobal
